
Microsoft Visual Studio Solution File, Format Version 12.00
# Visual Studio Version 17
VisualStudioVersion = 17.0.32014.148
MinimumVisualStudioVersion = 10.0.40219.1
Project("{FAE04EC0-301F-11D3-BF4B-00C04F79EFBC}") = "QuickTemplate.Models", "QuickTemplate.Models\QuickTemplate.Models.csproj", "{814322B7-0B25-484C-BBD5-29E7412D47BE}"
EndProject
Project("{FAE04EC0-301F-11D3-BF4B-00C04F79EFBC}") = "QuickTemplate.Logic", "QuickTemplate.Logic\QuickTemplate.Logic.csproj", "{4BA6D589-2D38-4527-BD59-B827DAB0D5F4}"
EndProject
Project("{FAE04EC0-301F-11D3-BF4B-00C04F79EFBC}") = "QuickTemplate.ConApp", "QuickTemplate.ConApp\QuickTemplate.ConApp.csproj", "{BA9F6754-9315-4674-AB53-34CB4BB5F30B}"
EndProject
Global
	GlobalSection(SolutionConfigurationPlatforms) = preSolution
		Debug|Any CPU = Debug|Any CPU
		Release|Any CPU = Release|Any CPU
	EndGlobalSection
	GlobalSection(ProjectConfigurationPlatforms) = postSolution
		{814322B7-0B25-484C-BBD5-29E7412D47BE}.Debug|Any CPU.ActiveCfg = Debug|Any CPU
		{814322B7-0B25-484C-BBD5-29E7412D47BE}.Debug|Any CPU.Build.0 = Debug|Any CPU
		{814322B7-0B25-484C-BBD5-29E7412D47BE}.Release|Any CPU.ActiveCfg = Release|Any CPU
		{814322B7-0B25-484C-BBD5-29E7412D47BE}.Release|Any CPU.Build.0 = Release|Any CPU
		{4BA6D589-2D38-4527-BD59-B827DAB0D5F4}.Debug|Any CPU.ActiveCfg = Debug|Any CPU
		{4BA6D589-2D38-4527-BD59-B827DAB0D5F4}.Debug|Any CPU.Build.0 = Debug|Any CPU
		{4BA6D589-2D38-4527-BD59-B827DAB0D5F4}.Release|Any CPU.ActiveCfg = Release|Any CPU
		{4BA6D589-2D38-4527-BD59-B827DAB0D5F4}.Release|Any CPU.Build.0 = Release|Any CPU
		{BA9F6754-9315-4674-AB53-34CB4BB5F30B}.Debug|Any CPU.ActiveCfg = Debug|Any CPU
		{BA9F6754-9315-4674-AB53-34CB4BB5F30B}.Debug|Any CPU.Build.0 = Debug|Any CPU
		{BA9F6754-9315-4674-AB53-34CB4BB5F30B}.Release|Any CPU.ActiveCfg = Release|Any CPU
		{BA9F6754-9315-4674-AB53-34CB4BB5F30B}.Release|Any CPU.Build.0 = Release|Any CPU
	EndGlobalSection
	GlobalSection(SolutionProperties) = preSolution
		HideSolutionNode = FALSE
	EndGlobalSection
	GlobalSection(ExtensibilityGlobals) = postSolution
		SolutionGuid = {AF03B1AA-1561-490C-A754-A0BBC20ED76E}
	EndGlobalSection
EndGlobal
